
Microsoft Visual Studio Solution File, Format Version 12.00
# Visual Studio 14
VisualStudioVersion = 14.0.23107.0
MinimumVisualStudioVersion = 10.0.40219.1
Project("{FAE04EC0-301F-11D3-BF4B-00C04F79EFBC}") = "Extensions", "Extensions\Extensions.csproj", "{332B67EB-6710-449D-9444-2F569525BB27}"
EndProject
Project("{2150E333-8FDC-42A3-9474-1A3956D46DE8}") = "Data", "Data", "{AF2016BE-17D6-4AE6-A73A-EADFA958B521}"
EndProject
Project("{FAE04EC0-301F-11D3-BF4B-00C04F79EFBC}") = "Data.Core", "Data.Core\Data.Core.csproj", "{78E3B426-2CB6-4859-A9B4-51BE415CA546}"
EndProject
Project("{2150E333-8FDC-42A3-9474-1A3956D46DE8}") = ".nuget", ".nuget", "{A69388FB-51F0-4F6B-8623-586B97F93F0F}"
	ProjectSection(SolutionItems) = preProject
		.nuget\nuget.config = .nuget\nuget.config
	EndProjectSection
EndProject
Project("{FAE04EC0-301F-11D3-BF4B-00C04F79EFBC}") = "Data.EntityFramework", "Data.EntityFramework\Data.EntityFramework.csproj", "{AFB64916-617F-4AC3-8F76-EC73F07731F0}"
EndProject
Project("{FAE04EC0-301F-11D3-BF4B-00C04F79EFBC}") = "Data.MongoDb", "Data.MongoDb\Data.MongoDb.csproj", "{30479D00-3B79-4D21-836C-48F9B5319EC9}"
EndProject
Global
	GlobalSection(SolutionConfigurationPlatforms) = preSolution
		Debug|Any CPU = Debug|Any CPU
		Release|Any CPU = Release|Any CPU
	EndGlobalSection
	GlobalSection(ProjectConfigurationPlatforms) = postSolution
		{332B67EB-6710-449D-9444-2F569525BB27}.Debug|Any CPU.ActiveCfg = Debug|Any CPU
		{332B67EB-6710-449D-9444-2F569525BB27}.Debug|Any CPU.Build.0 = Debug|Any CPU
		{332B67EB-6710-449D-9444-2F569525BB27}.Release|Any CPU.ActiveCfg = Release|Any CPU
		{332B67EB-6710-449D-9444-2F569525BB27}.Release|Any CPU.Build.0 = Release|Any CPU
		{78E3B426-2CB6-4859-A9B4-51BE415CA546}.Debug|Any CPU.ActiveCfg = Debug|Any CPU
		{78E3B426-2CB6-4859-A9B4-51BE415CA546}.Debug|Any CPU.Build.0 = Debug|Any CPU
		{78E3B426-2CB6-4859-A9B4-51BE415CA546}.Release|Any CPU.ActiveCfg = Release|Any CPU
		{78E3B426-2CB6-4859-A9B4-51BE415CA546}.Release|Any CPU.Build.0 = Release|Any CPU
		{AFB64916-617F-4AC3-8F76-EC73F07731F0}.Debug|Any CPU.ActiveCfg = Debug|Any CPU
		{AFB64916-617F-4AC3-8F76-EC73F07731F0}.Debug|Any CPU.Build.0 = Debug|Any CPU
		{AFB64916-617F-4AC3-8F76-EC73F07731F0}.Release|Any CPU.ActiveCfg = Release|Any CPU
		{AFB64916-617F-4AC3-8F76-EC73F07731F0}.Release|Any CPU.Build.0 = Release|Any CPU
		{30479D00-3B79-4D21-836C-48F9B5319EC9}.Debug|Any CPU.ActiveCfg = Debug|Any CPU
		{30479D00-3B79-4D21-836C-48F9B5319EC9}.Debug|Any CPU.Build.0 = Debug|Any CPU
		{30479D00-3B79-4D21-836C-48F9B5319EC9}.Release|Any CPU.ActiveCfg = Release|Any CPU
		{30479D00-3B79-4D21-836C-48F9B5319EC9}.Release|Any CPU.Build.0 = Release|Any CPU
	EndGlobalSection
	GlobalSection(SolutionProperties) = preSolution
		HideSolutionNode = FALSE
	EndGlobalSection
	GlobalSection(NestedProjects) = preSolution
		{78E3B426-2CB6-4859-A9B4-51BE415CA546} = {AF2016BE-17D6-4AE6-A73A-EADFA958B521}
		{AFB64916-617F-4AC3-8F76-EC73F07731F0} = {AF2016BE-17D6-4AE6-A73A-EADFA958B521}
		{30479D00-3B79-4D21-836C-48F9B5319EC9} = {AF2016BE-17D6-4AE6-A73A-EADFA958B521}
	EndGlobalSection
EndGlobal
